
Microsoft Visual Studio Solution File, Format Version 12.00
# Visual Studio Version 16
VisualStudioVersion = 16.0.30804.86
MinimumVisualStudioVersion = 10.0.40219.1
Project("{888888A0-9F3D-457C-B088-3A5042F75D52}") = "ImageProcessingModule", "ImageProcessingModule\ImageProcessingModule.pyproj", "{FC51CCF9-CFEE-45AB-A3F3-F99D32E8DB54}"
EndProject
Global
	GlobalSection(SolutionConfigurationPlatforms) = preSolution
		Debug|Any CPU = Debug|Any CPU
		Release|Any CPU = Release|Any CPU
	EndGlobalSection
	GlobalSection(ProjectConfigurationPlatforms) = postSolution
		{FC51CCF9-CFEE-45AB-A3F3-F99D32E8DB54}.Debug|Any CPU.ActiveCfg = Debug|Any CPU
		{FC51CCF9-CFEE-45AB-A3F3-F99D32E8DB54}.Debug|Any CPU.Build.0 = Debug|Any CPU
		{FC51CCF9-CFEE-45AB-A3F3-F99D32E8DB54}.Release|Any CPU.ActiveCfg = Release|Any CPU
		{FC51CCF9-CFEE-45AB-A3F3-F99D32E8DB54}.Release|Any CPU.Build.0 = Release|Any CPU
	EndGlobalSection
	GlobalSection(SolutionProperties) = preSolution
		HideSolutionNode = FALSE
	EndGlobalSection
	GlobalSection(ExtensibilityGlobals) = postSolution
		SolutionGuid = {F9FF5E4E-3333-42D1-9DF8-01CE304861F3}
	EndGlobalSection
EndGlobal
